github.com/xuwuruoshui/xin v0.1.0 h1:cVdo+Kck2E5gMyAoo2DjurRn0K/YIiy2qyKCfktKk+k=
github.com/xuwuruoshui/xin v0.1.0/go.mod h1:bjG1XdUV6FmDi4KilKKPoRrNhQ6Qgn/WyXgwnoodxAg=
github.com/xuwuruoshui/xin v0.1.1 h1:WaSwTeblvLVy1DTAUS0hBkxo5DmOBFjnohSJVgeo73Q=
github.com/xuwuruoshui/xin v0.1.1/go.mod h1:c7l+/+vymbPZbBJSqh+/4R4JAs8s2yDUaViEzh7Z4YM=
github.com/xuwuruoshui/xin v0.8.0 h1:N9SilUCiQ+LhTX8f6wKKi2Lp2i43MUKVu1zZeVXomr4=
github.com/xuwuruoshui/xin v0.8.0/go.mod h1:c7l+/+vymbPZbBJSqh+/4R4JAs8s2yDUaViEzh7Z4YM=
