github.com/xuwuruoshui/xin v0.8.0 h1:N9SilUCiQ+LhTX8f6wKKi2Lp2i43MUKVu1zZeVXomr4=
github.com/xuwuruoshui/xin v0.8.0/go.mod h1:c7l+/+vymbPZbBJSqh+/4R4JAs8s2yDUaViEzh7Z4YM=
gopkg.in/check.v1 v0.0.0-20161208181325-20d25e280405 h1:yhCVgyC4o1eVCa2tZl7eS0r+SDo693bJlVdllGtEeKM=
gopkg.in/check.v1 v0.0.0-20161208181325-20d25e280405/go.mod h1:Co6ibVJAznAaIkqp8huTwlJQCZ016jof/cbN4VW5Yz0=
gopkg.in/yaml.v2 v2.4.0 h1:D8xgwECY7CYvx+Y2n4sBz93Jn9JRvxdiyyo8CTfuKaY=
gopkg.in/yaml.v2 v2.4.0/go.mod h1:RDklbk79AGWmwhnvt/jBztapEOGDOx6ZbXqjP6csGnQ=
